// !$*UTF8*$!
{
	archiveVersion = 1;
	classes = {
	};
	objectVersion = 50;
	objects = {

/* Begin PBXBuildFile section */
		CE86C33B22D3F0E700435D45 /* CSValidateRangeProxy.kext in CopyFiles */ = {isa = PBXBuildFile; fileRef = CE86C33922D3F0D100435D45 /* CSValidateRangeProxy.kext */; settings = {ATTRIBUTES = (CodeSignOnCopy, RemoveHeadersOnCopy, ); }; };
		CEE7C02B22D3D7B60027B805 /* Polaris22MetalFixup.cpp in Sources */ = {isa = PBXBuildFile; fileRef = CEE7C02A22D3D7B60027B805 /* Polaris22MetalFixup.cpp */; };
		CEE7C03722D3F5930027B805 /* memmem.c in Sources */ = {isa = PBXBuildFile; fileRef = CEE7C03622D3F5930027B805 /* memmem.c */; };
		CEE7C03922D4FBD00027B805 /* README.md in Resources */ = {isa = PBXBuildFile; fileRef = CEE7C03822D4FBD00027B805 /* README.md */; };
/* End PBXBuildFile section */

/* Begin PBXCopyFilesBuildPhase section */
		CE86C33822D3F0B300435D45 /* CopyFiles */ = {
			isa = PBXCopyFilesBuildPhase;
			buildActionMask = 12;
			dstPath = "";
			dstSubfolderSpec = 13;
			files = (
				CE86C33B22D3F0E700435D45 /* CSValidateRangeProxy.kext in CopyFiles */,
			);
			runOnlyForDeploymentPostprocessing = 0;
		};
/* End PBXCopyFilesBuildPhase section */

/* Begin PBXFileReference section */
		CE04051C22D45B110034A34B /* Polaris22MetalFixup.hpp */ = {isa = PBXFileReference; lastKnownFileType = sourcecode.cpp.h; path = Polaris22MetalFixup.hpp; sourceTree = "<group>"; };
		CE86C33922D3F0D100435D45 /* CSValidateRangeProxy.kext */ = {isa = PBXFileReference; lastKnownFileType = "wrapper.kernel-extension"; path = CSValidateRangeProxy.kext; sourceTree = "<group>"; };
		CEE7C02722D3D7B60027B805 /* Polaris22MetalFixup.kext */ = {isa = PBXFileReference; explicitFileType = wrapper.cfbundle; includeInIndex = 0; path = Polaris22MetalFixup.kext; sourceTree = BUILT_PRODUCTS_DIR; };
		CEE7C02A22D3D7B60027B805 /* Polaris22MetalFixup.cpp */ = {isa = PBXFileReference; lastKnownFileType = sourcecode.cpp.cpp; path = Polaris22MetalFixup.cpp; sourceTree = "<group>"; };
		CEE7C02C22D3D7B60027B805 /* Info.plist */ = {isa = PBXFileReference; lastKnownFileType = text.plist.xml; path = Info.plist; sourceTree = "<group>"; };
		CEE7C03622D3F5930027B805 /* memmem.c */ = {isa = PBXFileReference; fileEncoding = 4; lastKnownFileType = sourcecode.c.c; path = memmem.c; sourceTree = "<group>"; };
		CEE7C03822D4FBD00027B805 /* README.md */ = {isa = PBXFileReference; fileEncoding = 4; lastKnownFileType = net.daringfireball.markdown; path = README.md; sourceTree = "<group>"; };
/* End PBXFileReference section */

/* Begin PBXFrameworksBuildPhase section */
		CEE7C02422D3D7B60027B805 /* Frameworks */ = {
			isa = PBXFrameworksBuildPhase;
			buildActionMask = 2147483647;
			files = (
			);
			runOnlyForDeploymentPostprocessing = 0;
		};
/* End PBXFrameworksBuildPhase section */

/* Begin PBXGroup section */
		CEE7C01D22D3D7B60027B805 = {
			isa = PBXGroup;
			children = (
				CEE7C03822D4FBD00027B805 /* README.md */,
				CEE7C02922D3D7B60027B805 /* Polaris22MetalFixup */,
				CEE7C02822D3D7B60027B805 /* Products */,
			);
			sourceTree = "<group>";
		};
		CEE7C02822D3D7B60027B805 /* Products */ = {
			isa = PBXGroup;
			children = (
				CEE7C02722D3D7B60027B805 /* Polaris22MetalFixup.kext */,
			);
			name = Products;
			sourceTree = "<group>";
		};
		CEE7C02922D3D7B60027B805 /* Polaris22MetalFixup */ = {
			isa = PBXGroup;
			children = (
				CE86C33922D3F0D100435D45 /* CSValidateRangeProxy.kext */,
				CEE7C03622D3F5930027B805 /* memmem.c */,
				CEE7C02A22D3D7B60027B805 /* Polaris22MetalFixup.cpp */,
				CE04051C22D45B110034A34B /* Polaris22MetalFixup.hpp */,
				CEE7C02C22D3D7B60027B805 /* Info.plist */,
			);
			path = Polaris22MetalFixup;
			sourceTree = "<group>";
		};
/* End PBXGroup section */

/* Begin PBXHeadersBuildPhase section */
		CEE7C02222D3D7B60027B805 /* Headers */ = {
			isa = PBXHeadersBuildPhase;
			buildActionMask = 2147483647;
			files = (
			);
			runOnlyForDeploymentPostprocessing = 0;
		};
/* End PBXHeadersBuildPhase section */

/* Begin PBXNativeTarget section */
		CEE7C02622D3D7B60027B805 /* Polaris22MetalFixup */ = {
			isa = PBXNativeTarget;
			buildConfigurationList = CEE7C02F22D3D7B60027B805 /* Build configuration list for PBXNativeTarget "Polaris22MetalFixup" */;
			buildPhases = (
				CEE7C02222D3D7B60027B805 /* Headers */,
				CEE7C02322D3D7B60027B805 /* Sources */,
				CEE7C02422D3D7B60027B805 /* Frameworks */,
				CEE7C02522D3D7B60027B805 /* Resources */,
				CE86C33822D3F0B300435D45 /* CopyFiles */,
			);
			buildRules = (
			);
			dependencies = (
			);
			name = Polaris22MetalFixup;
			productName = Polaris22MetalFixup;
			productReference = CEE7C02722D3D7B60027B805 /* Polaris22MetalFixup.kext */;
			productType = "com.apple.product-type.kernel-extension";
		};
/* End PBXNativeTarget section */

/* Begin PBXProject section */
		CEE7C01E22D3D7B60027B805 /* Project object */ = {
			isa = PBXProject;
			attributes = {
				LastUpgradeCheck = 1020;
				ORGANIZATIONNAME = osy86;
				TargetAttributes = {
					CEE7C02622D3D7B60027B805 = {
						CreatedOnToolsVersion = 10.2.1;
					};
				};
			};
			buildConfigurationList = CEE7C02122D3D7B60027B805 /* Build configuration list for PBXProject "Polaris22MetalFixup" */;
			compatibilityVersion = "Xcode 9.3";
			developmentRegion = en;
			hasScannedForEncodings = 0;
			knownRegions = (
				en,
			);
			mainGroup = CEE7C01D22D3D7B60027B805;
			productRefGroup = CEE7C02822D3D7B60027B805 /* Products */;
			projectDirPath = "";
			projectRoot = "";
			targets = (
				CEE7C02622D3D7B60027B805 /* Polaris22MetalFixup */,
			);
		};
/* End PBXProject section */

/* Begin PBXResourcesBuildPhase section */
		CEE7C02522D3D7B60027B805 /* Resources */ = {
			isa = PBXResourcesBuildPhase;
			buildActionMask = 2147483647;
			files = (
				CEE7C03922D4FBD00027B805 /* README.md in Resources */,
			);
			runOnlyForDeploymentPostprocessing = 0;
		};
/* End PBXResourcesBuildPhase section */

/* Begin PBXSourcesBuildPhase section */
		CEE7C02322D3D7B60027B805 /* Sources */ = {
			isa = PBXSourcesBuildPhase;
			buildActionMask = 2147483647;
			files = (
				CEE7C02B22D3D7B60027B805 /* Polaris22MetalFixup.cpp in Sources */,
				CEE7C03722D3F5930027B805 /* memmem.c in Sources */,
			);
			runOnlyForDeploymentPostprocessing = 0;
		};
/* End PBXSourcesBuildPhase section */

/* Begin XCBuildConfiguration section */
		CEE7C02D22D3D7B60027B805 /* Debug */ = {
			isa = XCBuildConfiguration;
			buildSettings = {
				ALWAYS_SEARCH_USER_PATHS = NO;
				CLANG_ANALYZER_NONNULL = YES;
				CLANG_ANALYZER_NUMBER_OBJECT_CONVERSION = YES_AGGRESSIVE;
				CLANG_CXX_LANGUAGE_STANDARD = "gnu++14";
				CLANG_CXX_LIBRARY = "libc++";
				CLANG_ENABLE_MODULES = YES;
				CLANG_ENABLE_OBJC_ARC = YES;
				CLANG_ENABLE_OBJC_WEAK = YES;
				CLANG_WARN_BLOCK_CAPTURE_AUTORELEASING = YES;
				CLANG_WARN_BOOL_CONVERSION = YES;
				CLANG_WARN_COMMA = YES;
				CLANG_WARN_CONSTANT_CONVERSION = YES;
				CLANG_WARN_DEPRECATED_OBJC_IMPLEMENTATIONS = YES;
				CLANG_WARN_DIRECT_OBJC_ISA_USAGE = YES_ERROR;
				CLANG_WARN_DOCUMENTATION_COMMENTS = YES;
				CLANG_WARN_EMPTY_BODY = YES;
				CLANG_WARN_ENUM_CONVERSION = YES;
				CLANG_WARN_INFINITE_RECURSION = YES;
				CLANG_WARN_INT_CONVERSION = YES;
				CLANG_WARN_NON_LITERAL_NULL_CONVERSION = YES;
				CLANG_WARN_OBJC_IMPLICIT_RETAIN_SELF = YES;
				CLANG_WARN_OBJC_LITERAL_CONVERSION = YES;
				CLANG_WARN_OBJC_ROOT_CLASS = YES_ERROR;
				CLANG_WARN_RANGE_LOOP_ANALYSIS = YES;
				CLANG_WARN_STRICT_PROTOTYPES = YES;
				CLANG_WARN_SUSPICIOUS_MOVE = YES;
				CLANG_WARN_UNGUARDED_AVAILABILITY = YES_AGGRESSIVE;
				CLANG_WARN_UNREACHABLE_CODE = YES;
				CLANG_WARN__DUPLICATE_METHOD_MATCH = YES;
				CODE_SIGN_IDENTITY = "-";
				COPY_PHASE_STRIP = NO;
				DEBUG_INFORMATION_FORMAT = dwarf;
				ENABLE_STRICT_OBJC_MSGSEND = YES;
				ENABLE_TESTABILITY = YES;
				GCC_C_LANGUAGE_STANDARD = gnu11;
				GCC_DYNAMIC_NO_PIC = NO;
				GCC_NO_COMMON_BLOCKS = YES;
				GCC_OPTIMIZATION_LEVEL = 0;
				GCC_PREPROCESSOR_DEFINITIONS = (
					"DEBUG=1",
					"$(inherited)",
				);
				GCC_WARN_64_TO_32_BIT_CONVERSION = YES;
				GCC_WARN_ABOUT_RETURN_TYPE = YES_ERROR;
				GCC_WARN_UNDECLARED_SELECTOR = YES;
				GCC_WARN_UNINITIALIZED_AUTOS = YES_AGGRESSIVE;
				GCC_WARN_UNUSED_FUNCTION = YES;
				GCC_WARN_UNUSED_VARIABLE = YES;
				MACOSX_DEPLOYMENT_TARGET = 10.14;
				MTL_ENABLE_DEBUG_INFO = INCLUDE_SOURCE;
				MTL_FAST_MATH = YES;
				ONLY_ACTIVE_ARCH = YES;
				SDKROOT = macosx;
			};
			name = Debug;
		};
		CEE7C02E22D3D7B60027B805 /* Release */ = {
			isa = XCBuildConfiguration;
			buildSettings = {
				ALWAYS_SEARCH_USER_PATHS = NO;
				CLANG_ANALYZER_NONNULL = YES;
				CLANG_ANALYZER_NUMBER_OBJECT_CONVERSION = YES_AGGRESSIVE;
				CLANG_CXX_LANGUAGE_STANDARD = "gnu++14";
				CLANG_CXX_LIBRARY = "libc++";
				CLANG_ENABLE_MODULES = YES;
				CLANG_ENABLE_OBJC_ARC = YES;
				CLANG_ENABLE_OBJC_WEAK = YES;
				CLANG_WARN_BLOCK_CAPTURE_AUTORELEASING = YES;
				CLANG_WARN_BOOL_CONVERSION = YES;
				CLANG_WARN_COMMA = YES;
				CLANG_WARN_CONSTANT_CONVERSION = YES;
				CLANG_WARN_DEPRECATED_OBJC_IMPLEMENTATIONS = YES;
				CLANG_WARN_DIRECT_OBJC_ISA_USAGE = YES_ERROR;
				CLANG_WARN_DOCUMENTATION_COMMENTS = YES;
				CLANG_WARN_EMPTY_BODY = YES;
				CLANG_WARN_ENUM_CONVERSION = YES;
				CLANG_WARN_INFINITE_RECURSION = YES;
				CLANG_WARN_INT_CONVERSION = YES;
				CLANG_WARN_NON_LITERAL_NULL_CONVERSION = YES;
				CLANG_WARN_OBJC_IMPLICIT_RETAIN_SELF = YES;
				CLANG_WARN_OBJC_LITERAL_CONVERSION = YES;
				CLANG_WARN_OBJC_ROOT_CLASS = YES_ERROR;
				CLANG_WARN_RANGE_LOOP_ANALYSIS = YES;
				CLANG_WARN_STRICT_PROTOTYPES = YES;
				CLANG_WARN_SUSPICIOUS_MOVE = YES;
				CLANG_WARN_UNGUARDED_AVAILABILITY = YES_AGGRESSIVE;
				CLANG_WARN_UNREACHABLE_CODE = YES;
				CLANG_WARN__DUPLICATE_METHOD_MATCH = YES;
				CODE_SIGN_IDENTITY = "-";
				COPY_PHASE_STRIP = NO;
				DEBUG_INFORMATION_FORMAT = "dwarf-with-dsym";
				ENABLE_NS_ASSERTIONS = NO;
				ENABLE_STRICT_OBJC_MSGSEND = YES;
				GCC_C_LANGUAGE_STANDARD = gnu11;
				GCC_NO_COMMON_BLOCKS = YES;
				GCC_WARN_64_TO_32_BIT_CONVERSION = YES;
				GCC_WARN_ABOUT_RETURN_TYPE = YES_ERROR;
				GCC_WARN_UNDECLARED_SELECTOR = YES;
				GCC_WARN_UNINITIALIZED_AUTOS = YES_AGGRESSIVE;
				GCC_WARN_UNUSED_FUNCTION = YES;
				GCC_WARN_UNUSED_VARIABLE = YES;
				MACOSX_DEPLOYMENT_TARGET = 10.14;
				MTL_ENABLE_DEBUG_INFO = NO;
				MTL_FAST_MATH = YES;
				SDKROOT = macosx;
			};
			name = Release;
		};
		CEE7C03022D3D7B60027B805 /* Debug */ = {
			isa = XCBuildConfiguration;
			buildSettings = {
				CODE_SIGN_IDENTITY = "";
				INFOPLIST_FILE = Polaris22MetalFixup/Info.plist;
				MODULE_NAME = com.osy86.Polaris22MetalFixup;
				MODULE_VERSION = 1.0.0d1;
				PRODUCT_BUNDLE_IDENTIFIER = com.osy86.Polaris22MetalFixup;
				PRODUCT_NAME = "$(TARGET_NAME)";
				PROVISIONING_PROFILE_SPECIFIER = "";
				WRAPPER_EXTENSION = kext;
			};
			name = Debug;
		};
		CEE7C03122D3D7B60027B805 /* Release */ = {
			isa = XCBuildConfiguration;
			buildSettings = {
				CODE_SIGN_IDENTITY = "";
				INFOPLIST_FILE = Polaris22MetalFixup/Info.plist;
				MODULE_NAME = com.osy86.Polaris22MetalFixup;
				MODULE_VERSION = 1.0.0d1;
				PRODUCT_BUNDLE_IDENTIFIER = com.osy86.Polaris22MetalFixup;
				PRODUCT_NAME = "$(TARGET_NAME)";
				PROVISIONING_PROFILE_SPECIFIER = "";
				WRAPPER_EXTENSION = kext;
			};
			name = Release;
		};
/* End XCBuildConfiguration section */

/* Begin XCConfigurationList section */
		CEE7C02122D3D7B60027B805 /* Build configuration list for PBXProject "Polaris22MetalFixup" */ = {
			isa = XCConfigurationList;
			buildConfigurations = (
				CEE7C02D22D3D7B60027B805 /* Debug */,
				CEE7C02E22D3D7B60027B805 /* Release */,
			);
			defaultConfigurationIsVisible = 0;
			defaultConfigurationName = Release;
		};
		CEE7C02F22D3D7B60027B805 /* Build configuration list for PBXNativeTarget "Polaris22MetalFixup" */ = {
			isa = XCConfigurationList;
			buildConfigurations = (
				CEE7C03022D3D7B60027B805 /* Debug */,
				CEE7C03122D3D7B60027B805 /* Release */,
			);
			defaultConfigurationIsVisible = 0;
			defaultConfigurationName = Release;
		};
/* End XCConfigurationList section */
	};
	rootObject = CEE7C01E22D3D7B60027B805 /* Project object */;
}
